
Microsoft Visual Studio Solution File, Format Version 12.00
# Visual Studio Version 16
VisualStudioVersion = 16.0.31129.286
MinimumVisualStudioVersion = 10.0.40219.1
Project("{FAE04EC0-301F-11D3-BF4B-00C04F79EFBC}") = "MiCalculadora", "MiCalculadora\MiCalculadora.csproj", "{CE8F2FDE-9CF2-4B1E-B684-155CAC8CAB93}"
EndProject
Project("{FAE04EC0-301F-11D3-BF4B-00C04F79EFBC}") = "Entidades", "Entidades\Entidades.csproj", "{C44587C4-FB6C-440B-9469-C8E20E2DC10A}"
EndProject
Global
	GlobalSection(SolutionConfigurationPlatforms) = preSolution
		Debug|Any CPU = Debug|Any CPU
		Release|Any CPU = Release|Any CPU
	EndGlobalSection
	GlobalSection(ProjectConfigurationPlatforms) = postSolution
		{CE8F2FDE-9CF2-4B1E-B684-155CAC8CAB93}.Debug|Any CPU.ActiveCfg = Debug|Any CPU
		{CE8F2FDE-9CF2-4B1E-B684-155CAC8CAB93}.Debug|Any CPU.Build.0 = Debug|Any CPU
		{CE8F2FDE-9CF2-4B1E-B684-155CAC8CAB93}.Release|Any CPU.ActiveCfg = Release|Any CPU
		{CE8F2FDE-9CF2-4B1E-B684-155CAC8CAB93}.Release|Any CPU.Build.0 = Release|Any CPU
		{C44587C4-FB6C-440B-9469-C8E20E2DC10A}.Debug|Any CPU.ActiveCfg = Debug|Any CPU
		{C44587C4-FB6C-440B-9469-C8E20E2DC10A}.Debug|Any CPU.Build.0 = Debug|Any CPU
		{C44587C4-FB6C-440B-9469-C8E20E2DC10A}.Release|Any CPU.ActiveCfg = Release|Any CPU
		{C44587C4-FB6C-440B-9469-C8E20E2DC10A}.Release|Any CPU.Build.0 = Release|Any CPU
	EndGlobalSection
	GlobalSection(SolutionProperties) = preSolution
		HideSolutionNode = FALSE
	EndGlobalSection
	GlobalSection(ExtensibilityGlobals) = postSolution
		SolutionGuid = {925CF900-EA96-418D-8CD2-9783F680AE08}
	EndGlobalSection
EndGlobal
